// !$*UTF8*$!
{
	archiveVersion = 1;
	classes = {
	};
	objectVersion = 56;
	objects = {

/* Begin PBXBuildFile section */
		2C5515692BB3920C00086C06 /* TipCardView.swift in Sources */ = {isa = PBXBuildFile; fileRef = 2C5515682BB3920C00086C06 /* TipCardView.swift */; };
		2C55156B2BB392CD00086C06 /* TipCarouselView.swift in Sources */ = {isa = PBXBuildFile; fileRef = 2C55156A2BB392CD00086C06 /* TipCarouselView.swift */; };
		2C55156D2BB3959C00086C06 /* HomeView.swift in Sources */ = {isa = PBXBuildFile; fileRef = 2C55156C2BB3959C00086C06 /* HomeView.swift */; };
		2C55156F2BB39D3D00086C06 /* DietSectionView.swift in Sources */ = {isa = PBXBuildFile; fileRef = 2C55156E2BB39D3D00086C06 /* DietSectionView.swift */; };
		2C9B8A002C58655000BA75E4 /* AddMealView.swift in Sources */ = {isa = PBXBuildFile; fileRef = 2C9B89FF2C58654F00BA75E4 /* AddMealView.swift */; };
		2C9B8A032C58668400BA75E4 /* MealCard.swift in Sources */ = {isa = PBXBuildFile; fileRef = 2C9B8A022C58668400BA75E4 /* MealCard.swift */; };
		2C9E6D252C5C693F00C4B5FD /* RecentMealsListView.swift in Sources */ = {isa = PBXBuildFile; fileRef = 2C9E6D242C5C693F00C4B5FD /* RecentMealsListView.swift */; };
		2CC6B70B2BCF411700DF8AAF /* FoodTeste.swift in Sources */ = {isa = PBXBuildFile; fileRef = 2CC6B70A2BCF411700DF8AAF /* FoodTeste.swift */; };
		2CCC21952BA4A80400E85A30 /* friend_dietApp.swift in Sources */ = {isa = PBXBuildFile; fileRef = 2CCC21942BA4A80400E85A30 /* friend_dietApp.swift */; };
		2CCC21972BA4A80400E85A30 /* ContentView.swift in Sources */ = {isa = PBXBuildFile; fileRef = 2CCC21962BA4A80400E85A30 /* ContentView.swift */; };
		2CCC21992BA4A80700E85A30 /* Assets.xcassets in Resources */ = {isa = PBXBuildFile; fileRef = 2CCC21982BA4A80700E85A30 /* Assets.xcassets */; };
		2CCC219C2BA4A80700E85A30 /* Preview Assets.xcassets in Resources */ = {isa = PBXBuildFile; fileRef = 2CCC219B2BA4A80700E85A30 /* Preview Assets.xcassets */; };
		2CCC21A22BA4A80700E85A30 /* friend_diet Watch App.app in Embed Watch Content */ = {isa = PBXBuildFile; fileRef = 2CCC21A12BA4A80700E85A30 /* friend_diet Watch App.app */; settings = {ATTRIBUTES = (RemoveHeadersOnCopy, ); }; };
		2CCC21A72BA4A80700E85A30 /* friend_dietApp.swift in Sources */ = {isa = PBXBuildFile; fileRef = 2CCC21A62BA4A80700E85A30 /* friend_dietApp.swift */; };
		2CCC21A92BA4A80700E85A30 /* ContentView.swift in Sources */ = {isa = PBXBuildFile; fileRef = 2CCC21A82BA4A80700E85A30 /* ContentView.swift */; };
		2CCC21AB2BA4A80800E85A30 /* Assets.xcassets in Resources */ = {isa = PBXBuildFile; fileRef = 2CCC21AA2BA4A80800E85A30 /* Assets.xcassets */; };
		2CCC21AE2BA4A80800E85A30 /* Preview Assets.xcassets in Resources */ = {isa = PBXBuildFile; fileRef = 2CCC21AD2BA4A80800E85A30 /* Preview Assets.xcassets */; };
		2CD714B62BCDF84A00B06461 /* AddCustomMealView.swift in Sources */ = {isa = PBXBuildFile; fileRef = 2CD714B52BCDF84A00B06461 /* AddCustomMealView.swift */; };
		2CD714BB2BCDFDC200B06461 /* FoodItem.swift in Sources */ = {isa = PBXBuildFile; fileRef = 2CD714BA2BCDFDC200B06461 /* FoodItem.swift */; };
		2CD714BD2BCDFDFE00B06461 /* Meal.swift in Sources */ = {isa = PBXBuildFile; fileRef = 2CD714BC2BCDFDFE00B06461 /* Meal.swift */; };
		2CE54C6A2BB24E3700A5C347 /* mock.swift in Sources */ = {isa = PBXBuildFile; fileRef = 2CE54C692BB24E3700A5C347 /* mock.swift */; };
/* End PBXBuildFile section */

/* Begin PBXContainerItemProxy section */
		2CCC21A32BA4A80700E85A30 /* PBXContainerItemProxy */ = {
			isa = PBXContainerItemProxy;
			containerPortal = 2CCC21892BA4A80400E85A30 /* Project object */;
			proxyType = 1;
			remoteGlobalIDString = 2CCC21A02BA4A80700E85A30;
			remoteInfo = "friend_diet Watch App";
		};
/* End PBXContainerItemProxy section */

/* Begin PBXCopyFilesBuildPhase section */
		2CCC21B42BA4A80800E85A30 /* Embed Watch Content */ = {
			isa = PBXCopyFilesBuildPhase;
			buildActionMask = 2147483647;
			dstPath = "$(CONTENTS_FOLDER_PATH)/Watch";
			dstSubfolderSpec = 16;
			files = (
				2CCC21A22BA4A80700E85A30 /* friend_diet Watch App.app in Embed Watch Content */,
			);
			name = "Embed Watch Content";
			runOnlyForDeploymentPostprocessing = 0;
		};
/* End PBXCopyFilesBuildPhase section */

/* Begin PBXFileReference section */
		2C5515682BB3920C00086C06 /* TipCardView.swift */ = {isa = PBXFileReference; lastKnownFileType = sourcecode.swift; path = TipCardView.swift; sourceTree = "<group>"; };
		2C55156A2BB392CD00086C06 /* TipCarouselView.swift */ = {isa = PBXFileReference; lastKnownFileType = sourcecode.swift; path = TipCarouselView.swift; sourceTree = "<group>"; };
		2C55156C2BB3959C00086C06 /* HomeView.swift */ = {isa = PBXFileReference; lastKnownFileType = sourcecode.swift; path = HomeView.swift; sourceTree = "<group>"; };
		2C55156E2BB39D3D00086C06 /* DietSectionView.swift */ = {isa = PBXFileReference; lastKnownFileType = sourcecode.swift; path = DietSectionView.swift; sourceTree = "<group>"; };
		2C9B89FF2C58654F00BA75E4 /* AddMealView.swift */ = {isa = PBXFileReference; lastKnownFileType = sourcecode.swift; path = AddMealView.swift; sourceTree = "<group>"; };
		2C9B8A022C58668400BA75E4 /* MealCard.swift */ = {isa = PBXFileReference; lastKnownFileType = sourcecode.swift; path = MealCard.swift; sourceTree = "<group>"; };
		2C9E6D242C5C693F00C4B5FD /* RecentMealsListView.swift */ = {isa = PBXFileReference; lastKnownFileType = sourcecode.swift; path = RecentMealsListView.swift; sourceTree = "<group>"; };
		2CBD31272C585DE900188ED8 /* friend_diet.entitlements */ = {isa = PBXFileReference; lastKnownFileType = text.plist.entitlements; path = friend_diet.entitlements; sourceTree = "<group>"; };
		2CBD31282C585FE700188ED8 /* friend-diet-Info.plist */ = {isa = PBXFileReference; lastKnownFileType = text.plist; path = "friend-diet-Info.plist"; sourceTree = SOURCE_ROOT; };
		2CC6B70A2BCF411700DF8AAF /* FoodTeste.swift */ = {isa = PBXFileReference; lastKnownFileType = sourcecode.swift; path = FoodTeste.swift; sourceTree = "<group>"; };
		2CCC21912BA4A80400E85A30 /* friend_diet.app */ = {isa = PBXFileReference; explicitFileType = wrapper.application; includeInIndex = 0; path = friend_diet.app; sourceTree = BUILT_PRODUCTS_DIR; };
		2CCC21942BA4A80400E85A30 /* friend_dietApp.swift */ = {isa = PBXFileReference; lastKnownFileType = sourcecode.swift; path = friend_dietApp.swift; sourceTree = "<group>"; };
		2CCC21962BA4A80400E85A30 /* ContentView.swift */ = {isa = PBXFileReference; lastKnownFileType = sourcecode.swift; path = ContentView.swift; sourceTree = "<group>"; };
		2CCC21982BA4A80700E85A30 /* Assets.xcassets */ = {isa = PBXFileReference; lastKnownFileType = folder.assetcatalog; path = Assets.xcassets; sourceTree = "<group>"; };
		2CCC219B2BA4A80700E85A30 /* Preview Assets.xcassets */ = {isa = PBXFileReference; lastKnownFileType = folder.assetcatalog; path = "Preview Assets.xcassets"; sourceTree = "<group>"; };
		2CCC21A12BA4A80700E85A30 /* friend_diet Watch App.app */ = {isa = PBXFileReference; explicitFileType = wrapper.application; includeInIndex = 0; path = "friend_diet Watch App.app"; sourceTree = BUILT_PRODUCTS_DIR; };
		2CCC21A62BA4A80700E85A30 /* friend_dietApp.swift */ = {isa = PBXFileReference; lastKnownFileType = sourcecode.swift; path = friend_dietApp.swift; sourceTree = "<group>"; };
		2CCC21A82BA4A80700E85A30 /* ContentView.swift */ = {isa = PBXFileReference; lastKnownFileType = sourcecode.swift; path = ContentView.swift; sourceTree = "<group>"; };
		2CCC21AA2BA4A80800E85A30 /* Assets.xcassets */ = {isa = PBXFileReference; lastKnownFileType = folder.assetcatalog; path = Assets.xcassets; sourceTree = "<group>"; };
		2CCC21AD2BA4A80800E85A30 /* Preview Assets.xcassets */ = {isa = PBXFileReference; lastKnownFileType = folder.assetcatalog; path = "Preview Assets.xcassets"; sourceTree = "<group>"; };
		2CD714B52BCDF84A00B06461 /* AddCustomMealView.swift */ = {isa = PBXFileReference; lastKnownFileType = sourcecode.swift; path = AddCustomMealView.swift; sourceTree = "<group>"; };
		2CD714BA2BCDFDC200B06461 /* FoodItem.swift */ = {isa = PBXFileReference; lastKnownFileType = sourcecode.swift; path = FoodItem.swift; sourceTree = "<group>"; };
		2CD714BC2BCDFDFE00B06461 /* Meal.swift */ = {isa = PBXFileReference; lastKnownFileType = sourcecode.swift; path = Meal.swift; sourceTree = "<group>"; };
		2CE54C692BB24E3700A5C347 /* mock.swift */ = {isa = PBXFileReference; lastKnownFileType = sourcecode.swift; path = mock.swift; sourceTree = "<group>"; };
/* End PBXFileReference section */

/* Begin PBXFrameworksBuildPhase section */
		2CCC218E2BA4A80400E85A30 /* Frameworks */ = {
			isa = PBXFrameworksBuildPhase;
			buildActionMask = 2147483647;
			files = (
			);
			runOnlyForDeploymentPostprocessing = 0;
		};
		2CCC219E2BA4A80700E85A30 /* Frameworks */ = {
			isa = PBXFrameworksBuildPhase;
			buildActionMask = 2147483647;
			files = (
			);
			runOnlyForDeploymentPostprocessing = 0;
		};
/* End PBXFrameworksBuildPhase section */

/* Begin PBXGroup section */
		2C9B89FD2C5864E500BA75E4 /* Add Meal View */ = {
			isa = PBXGroup;
			children = (
				2C9B8A012C58664B00BA75E4 /* Components */,
				2C9B89FE2C58650000BA75E4 /* Add Saved Meal View */,
				2CD714B92BCDFD8500B06461 /* Add Custom Meal View */,
				2C9B89FF2C58654F00BA75E4 /* AddMealView.swift */,
			);
			path = "Add Meal View";
			sourceTree = "<group>";
		};
		2C9B89FE2C58650000BA75E4 /* Add Saved Meal View */ = {
			isa = PBXGroup;
			children = (
			);
			path = "Add Saved Meal View";
			sourceTree = "<group>";
		};
		2C9B8A012C58664B00BA75E4 /* Components */ = {
			isa = PBXGroup;
			children = (
				2C9B8A022C58668400BA75E4 /* MealCard.swift */,
			);
			path = Components;
			sourceTree = "<group>";
		};
		2CCC21882BA4A80400E85A30 = {
			isa = PBXGroup;
			children = (
				2CCC21932BA4A80400E85A30 /* friend_diet */,
				2CCC21A52BA4A80700E85A30 /* friend_diet Watch App */,
				2CCC21922BA4A80400E85A30 /* Products */,
			);
			sourceTree = "<group>";
		};
		2CCC21922BA4A80400E85A30 /* Products */ = {
			isa = PBXGroup;
			children = (
				2CCC21912BA4A80400E85A30 /* friend_diet.app */,
				2CCC21A12BA4A80700E85A30 /* friend_diet Watch App.app */,
			);
			name = Products;
			sourceTree = "<group>";
		};
		2CCC21932BA4A80400E85A30 /* friend_diet */ = {
			isa = PBXGroup;
			children = (
				2CBD31282C585FE700188ED8 /* friend-diet-Info.plist */,
				2CBD31272C585DE900188ED8 /* friend_diet.entitlements */,
				2CE54C682BB24E2600A5C347 /* Model */,
				2CE54C672BB24DB600A5C347 /* View */,
				2CCC21942BA4A80400E85A30 /* friend_dietApp.swift */,
				2CCC21982BA4A80700E85A30 /* Assets.xcassets */,
				2CCC219A2BA4A80700E85A30 /* Preview Content */,
			);
			path = friend_diet;
			sourceTree = "<group>";
		};
		2CCC219A2BA4A80700E85A30 /* Preview Content */ = {
			isa = PBXGroup;
			children = (
				2CCC219B2BA4A80700E85A30 /* Preview Assets.xcassets */,
			);
			path = "Preview Content";
			sourceTree = "<group>";
		};
		2CCC21A52BA4A80700E85A30 /* friend_diet Watch App */ = {
			isa = PBXGroup;
			children = (
				2CCC21A62BA4A80700E85A30 /* friend_dietApp.swift */,
				2CCC21A82BA4A80700E85A30 /* ContentView.swift */,
				2CCC21AA2BA4A80800E85A30 /* Assets.xcassets */,
				2CCC21AC2BA4A80800E85A30 /* Preview Content */,
			);
			path = "friend_diet Watch App";
			sourceTree = "<group>";
		};
		2CCC21AC2BA4A80800E85A30 /* Preview Content */ = {
			isa = PBXGroup;
			children = (
				2CCC21AD2BA4A80800E85A30 /* Preview Assets.xcassets */,
			);
			path = "Preview Content";
			sourceTree = "<group>";
		};
		2CD714B72BCDFD2800B06461 /* Home View */ = {
			isa = PBXGroup;
			children = (
				2C5515682BB3920C00086C06 /* TipCardView.swift */,
				2CD714B82BCDFD5400B06461 /* Components */,
				2C55156C2BB3959C00086C06 /* HomeView.swift */,
			);
			path = "Home View";
			sourceTree = "<group>";
		};
		2CD714B82BCDFD5400B06461 /* Components */ = {
			isa = PBXGroup;
			children = (
				2C55156E2BB39D3D00086C06 /* DietSectionView.swift */,
				2C55156A2BB392CD00086C06 /* TipCarouselView.swift */,
				2C9E6D242C5C693F00C4B5FD /* RecentMealsListView.swift */,
			);
			path = Components;
			sourceTree = "<group>";
		};
		2CD714B92BCDFD8500B06461 /* Add Custom Meal View */ = {
			isa = PBXGroup;
			children = (
				2CD714B52BCDF84A00B06461 /* AddCustomMealView.swift */,
			);
			path = "Add Custom Meal View";
			sourceTree = "<group>";
		};
		2CE54C672BB24DB600A5C347 /* View */ = {
			isa = PBXGroup;
			children = (
				2C9B89FD2C5864E500BA75E4 /* Add Meal View */,
				2CD714B72BCDFD2800B06461 /* Home View */,
				2CCC21962BA4A80400E85A30 /* ContentView.swift */,
			);
			path = View;
			sourceTree = "<group>";
		};
		2CE54C682BB24E2600A5C347 /* Model */ = {
			isa = PBXGroup;
			children = (
				2CE54C692BB24E3700A5C347 /* mock.swift */,
				2CD714BA2BCDFDC200B06461 /* FoodItem.swift */,
				2CD714BC2BCDFDFE00B06461 /* Meal.swift */,
				2CC6B70A2BCF411700DF8AAF /* FoodTeste.swift */,
			);
			path = Model;
			sourceTree = "<group>";
		};
/* End PBXGroup section */

/* Begin PBXNativeTarget section */
		2CCC21902BA4A80400E85A30 /* friend_diet */ = {
			isa = PBXNativeTarget;
			buildConfigurationList = 2CCC21B52BA4A80800E85A30 /* Build configuration list for PBXNativeTarget "friend_diet" */;
			buildPhases = (
				2CCC218D2BA4A80400E85A30 /* Sources */,
				2CCC218E2BA4A80400E85A30 /* Frameworks */,
				2CCC218F2BA4A80400E85A30 /* Resources */,
				2CCC21B42BA4A80800E85A30 /* Embed Watch Content */,
			);
			buildRules = (
			);
			dependencies = (
				2CCC21A42BA4A80700E85A30 /* PBXTargetDependency */,
			);
			name = friend_diet;
			productName = friend_diet;
			productReference = 2CCC21912BA4A80400E85A30 /* friend_diet.app */;
			productType = "com.apple.product-type.application";
		};
		2CCC21A02BA4A80700E85A30 /* friend_diet Watch App */ = {
			isa = PBXNativeTarget;
			buildConfigurationList = 2CCC21B12BA4A80800E85A30 /* Build configuration list for PBXNativeTarget "friend_diet Watch App" */;
			buildPhases = (
				2CCC219D2BA4A80700E85A30 /* Sources */,
				2CCC219E2BA4A80700E85A30 /* Frameworks */,
				2CCC219F2BA4A80700E85A30 /* Resources */,
			);
			buildRules = (
			);
			dependencies = (
			);
			name = "friend_diet Watch App";
			productName = "friend_diet Watch App";
			productReference = 2CCC21A12BA4A80700E85A30 /* friend_diet Watch App.app */;
			productType = "com.apple.product-type.application";
		};
/* End PBXNativeTarget section */

/* Begin PBXProject section */
		2CCC21892BA4A80400E85A30 /* Project object */ = {
			isa = PBXProject;
			attributes = {
				BuildIndependentTargetsInParallel = 1;
				LastSwiftUpdateCheck = 1510;
				LastUpgradeCheck = 1540;
				TargetAttributes = {
					2CCC21902BA4A80400E85A30 = {
						CreatedOnToolsVersion = 15.1;
					};
					2CCC21A02BA4A80700E85A30 = {
						CreatedOnToolsVersion = 15.1;
					};
				};
			};
			buildConfigurationList = 2CCC218C2BA4A80400E85A30 /* Build configuration list for PBXProject "friend_diet" */;
			compatibilityVersion = "Xcode 14.0";
			developmentRegion = en;
			hasScannedForEncodings = 0;
			knownRegions = (
				en,
				Base,
			);
			mainGroup = 2CCC21882BA4A80400E85A30;
			productRefGroup = 2CCC21922BA4A80400E85A30 /* Products */;
			projectDirPath = "";
			projectRoot = "";
			targets = (
				2CCC21902BA4A80400E85A30 /* friend_diet */,
				2CCC21A02BA4A80700E85A30 /* friend_diet Watch App */,
			);
		};
/* End PBXProject section */

/* Begin PBXResourcesBuildPhase section */
		2CCC218F2BA4A80400E85A30 /* Resources */ = {
			isa = PBXResourcesBuildPhase;
			buildActionMask = 2147483647;
			files = (
				2CCC219C2BA4A80700E85A30 /* Preview Assets.xcassets in Resources */,
				2CCC21992BA4A80700E85A30 /* Assets.xcassets in Resources */,
			);
			runOnlyForDeploymentPostprocessing = 0;
		};
		2CCC219F2BA4A80700E85A30 /* Resources */ = {
			isa = PBXResourcesBuildPhase;
			buildActionMask = 2147483647;
			files = (
				2CCC21AE2BA4A80800E85A30 /* Preview Assets.xcassets in Resources */,
				2CCC21AB2BA4A80800E85A30 /* Assets.xcassets in Resources */,
			);
			runOnlyForDeploymentPostprocessing = 0;
		};
/* End PBXResourcesBuildPhase section */

/* Begin PBXSourcesBuildPhase section */
		2CCC218D2BA4A80400E85A30 /* Sources */ = {
			isa = PBXSourcesBuildPhase;
			buildActionMask = 2147483647;
			files = (
				2C9B8A032C58668400BA75E4 /* MealCard.swift in Sources */,
				2CD714BD2BCDFDFE00B06461 /* Meal.swift in Sources */,
				2C9B8A002C58655000BA75E4 /* AddMealView.swift in Sources */,
				2CCC21972BA4A80400E85A30 /* ContentView.swift in Sources */,
				2C55156B2BB392CD00086C06 /* TipCarouselView.swift in Sources */,
				2CE54C6A2BB24E3700A5C347 /* mock.swift in Sources */,
				2C55156F2BB39D3D00086C06 /* DietSectionView.swift in Sources */,
				2CD714BB2BCDFDC200B06461 /* FoodItem.swift in Sources */,
				2C9E6D252C5C693F00C4B5FD /* RecentMealsListView.swift in Sources */,
				2C55156D2BB3959C00086C06 /* HomeView.swift in Sources */,
				2CCC21952BA4A80400E85A30 /* friend_dietApp.swift in Sources */,
				2C5515692BB3920C00086C06 /* TipCardView.swift in Sources */,
				2CD714B62BCDF84A00B06461 /* AddCustomMealView.swift in Sources */,
				2CC6B70B2BCF411700DF8AAF /* FoodTeste.swift in Sources */,
			);
			runOnlyForDeploymentPostprocessing = 0;
		};
		2CCC219D2BA4A80700E85A30 /* Sources */ = {
			isa = PBXSourcesBuildPhase;
			buildActionMask = 2147483647;
			files = (
				2CCC21A92BA4A80700E85A30 /* ContentView.swift in Sources */,
				2CCC21A72BA4A80700E85A30 /* friend_dietApp.swift in Sources */,
			);
			runOnlyForDeploymentPostprocessing = 0;
		};
/* End PBXSourcesBuildPhase section */

/* Begin PBXTargetDependency section */
		2CCC21A42BA4A80700E85A30 /* PBXTargetDependency */ = {
			isa = PBXTargetDependency;
			target = 2CCC21A02BA4A80700E85A30 /* friend_diet Watch App */;
			targetProxy = 2CCC21A32BA4A80700E85A30 /* PBXContainerItemProxy */;
		};
/* End PBXTargetDependency section */

/* Begin XCBuildConfiguration section */
		2CCC21AF2BA4A80800E85A30 /* Debug */ = {
			isa = XCBuildConfiguration;
			buildSettings = {
				ALWAYS_SEARCH_USER_PATHS = NO;
				ASSETCATALOG_COMPILER_GENERATE_SWIFT_ASSET_SYMBOL_EXTENSIONS = YES;
				CLANG_ANALYZER_NONNULL = YES;
				CLANG_ANALYZER_NUMBER_OBJECT_CONVERSION = YES_AGGRESSIVE;
				CLANG_CXX_LANGUAGE_STANDARD = "gnu++20";
				CLANG_ENABLE_MODULES = YES;
				CLANG_ENABLE_OBJC_ARC = YES;
				CLANG_ENABLE_OBJC_WEAK = YES;
				CLANG_WARN_BLOCK_CAPTURE_AUTORELEASING = YES;
				CLANG_WARN_BOOL_CONVERSION = YES;
				CLANG_WARN_COMMA = YES;
				CLANG_WARN_CONSTANT_CONVERSION = YES;
				CLANG_WARN_DEPRECATED_OBJC_IMPLEMENTATIONS = YES;
				CLANG_WARN_DIRECT_OBJC_ISA_USAGE = YES_ERROR;
				CLANG_WARN_DOCUMENTATION_COMMENTS = YES;
				CLANG_WARN_EMPTY_BODY = YES;
				CLANG_WARN_ENUM_CONVERSION = YES;
				CLANG_WARN_INFINITE_RECURSION = YES;
				CLANG_WARN_INT_CONVERSION = YES;
				CLANG_WARN_NON_LITERAL_NULL_CONVERSION = YES;
				CLANG_WARN_OBJC_IMPLICIT_RETAIN_SELF = YES;
				CLANG_WARN_OBJC_LITERAL_CONVERSION = YES;
				CLANG_WARN_OBJC_ROOT_CLASS = YES_ERROR;
				CLANG_WARN_QUOTED_INCLUDE_IN_FRAMEWORK_HEADER = YES;
				CLANG_WARN_RANGE_LOOP_ANALYSIS = YES;
				CLANG_WARN_STRICT_PROTOTYPES = YES;
				CLANG_WARN_SUSPICIOUS_MOVE = YES;
				CLANG_WARN_UNGUARDED_AVAILABILITY = YES_AGGRESSIVE;
				CLANG_WARN_UNREACHABLE_CODE = YES;
				CLANG_WARN__DUPLICATE_METHOD_MATCH = YES;
				COPY_PHASE_STRIP = NO;
				DEAD_CODE_STRIPPING = YES;
				DEBUG_INFORMATION_FORMAT = dwarf;
				ENABLE_STRICT_OBJC_MSGSEND = YES;
				ENABLE_TESTABILITY = YES;
				ENABLE_USER_SCRIPT_SANDBOXING = YES;
				GCC_C_LANGUAGE_STANDARD = gnu17;
				GCC_DYNAMIC_NO_PIC = NO;
				GCC_NO_COMMON_BLOCKS = YES;
				GCC_OPTIMIZATION_LEVEL = 0;
				GCC_PREPROCESSOR_DEFINITIONS = (
					"DEBUG=1",
					"$(inherited)",
				);
				GCC_WARN_64_TO_32_BIT_CONVERSION = YES;
				GCC_WARN_ABOUT_RETURN_TYPE = YES_ERROR;
				GCC_WARN_UNDECLARED_SELECTOR = YES;
				GCC_WARN_UNINITIALIZED_AUTOS = YES_AGGRESSIVE;
				GCC_WARN_UNUSED_FUNCTION = YES;
				GCC_WARN_UNUSED_VARIABLE = YES;
				LOCALIZATION_PREFERS_STRING_CATALOGS = YES;
				MTL_ENABLE_DEBUG_INFO = INCLUDE_SOURCE;
				MTL_FAST_MATH = YES;
				ONLY_ACTIVE_ARCH = YES;
				SWIFT_ACTIVE_COMPILATION_CONDITIONS = "DEBUG $(inherited)";
				SWIFT_OPTIMIZATION_LEVEL = "-Onone";
			};
			name = Debug;
		};
		2CCC21B02BA4A80800E85A30 /* Release */ = {
			isa = XCBuildConfiguration;
			buildSettings = {
				ALWAYS_SEARCH_USER_PATHS = NO;
				ASSETCATALOG_COMPILER_GENERATE_SWIFT_ASSET_SYMBOL_EXTENSIONS = YES;
				CLANG_ANALYZER_NONNULL = YES;
				CLANG_ANALYZER_NUMBER_OBJECT_CONVERSION = YES_AGGRESSIVE;
				CLANG_CXX_LANGUAGE_STANDARD = "gnu++20";
				CLANG_ENABLE_MODULES = YES;
				CLANG_ENABLE_OBJC_ARC = YES;
				CLANG_ENABLE_OBJC_WEAK = YES;
				CLANG_WARN_BLOCK_CAPTURE_AUTORELEASING = YES;
				CLANG_WARN_BOOL_CONVERSION = YES;
				CLANG_WARN_COMMA = YES;
				CLANG_WARN_CONSTANT_CONVERSION = YES;
				CLANG_WARN_DEPRECATED_OBJC_IMPLEMENTATIONS = YES;
				CLANG_WARN_DIRECT_OBJC_ISA_USAGE = YES_ERROR;
				CLANG_WARN_DOCUMENTATION_COMMENTS = YES;
				CLANG_WARN_EMPTY_BODY = YES;
				CLANG_WARN_ENUM_CONVERSION = YES;
				CLANG_WARN_INFINITE_RECURSION = YES;
				CLANG_WARN_INT_CONVERSION = YES;
				CLANG_WARN_NON_LITERAL_NULL_CONVERSION = YES;
				CLANG_WARN_OBJC_IMPLICIT_RETAIN_SELF = YES;
				CLANG_WARN_OBJC_LITERAL_CONVERSION = YES;
				CLANG_WARN_OBJC_ROOT_CLASS = YES_ERROR;
				CLANG_WARN_QUOTED_INCLUDE_IN_FRAMEWORK_HEADER = YES;
				CLANG_WARN_RANGE_LOOP_ANALYSIS = YES;
				CLANG_WARN_STRICT_PROTOTYPES = YES;
				CLANG_WARN_SUSPICIOUS_MOVE = YES;
				CLANG_WARN_UNGUARDED_AVAILABILITY = YES_AGGRESSIVE;
				CLANG_WARN_UNREACHABLE_CODE = YES;
				CLANG_WARN__DUPLICATE_METHOD_MATCH = YES;
				COPY_PHASE_STRIP = NO;
				DEAD_CODE_STRIPPING = YES;
				DEBUG_INFORMATION_FORMAT = "dwarf-with-dsym";
				ENABLE_NS_ASSERTIONS = NO;
				ENABLE_STRICT_OBJC_MSGSEND = YES;
				ENABLE_USER_SCRIPT_SANDBOXING = YES;
				GCC_C_LANGUAGE_STANDARD = gnu17;
				GCC_NO_COMMON_BLOCKS = YES;
				GCC_WARN_64_TO_32_BIT_CONVERSION = YES;
				GCC_WARN_ABOUT_RETURN_TYPE = YES_ERROR;
				GCC_WARN_UNDECLARED_SELECTOR = YES;
				GCC_WARN_UNINITIALIZED_AUTOS = YES_AGGRESSIVE;
				GCC_WARN_UNUSED_FUNCTION = YES;
				GCC_WARN_UNUSED_VARIABLE = YES;
				LOCALIZATION_PREFERS_STRING_CATALOGS = YES;
				MTL_ENABLE_DEBUG_INFO = NO;
				MTL_FAST_MATH = YES;
				SWIFT_COMPILATION_MODE = wholemodule;
			};
			name = Release;
		};
		2CCC21B22BA4A80800E85A30 /* Debug */ = {
			isa = XCBuildConfiguration;
			buildSettings = {
				ASSETCATALOG_COMPILER_APPICON_NAME = AppIcon;
				ASSETCATALOG_COMPILER_GLOBAL_ACCENT_COLOR_NAME = AccentColor;
				CODE_SIGN_STYLE = Automatic;
				CURRENT_PROJECT_VERSION = 1;
				DEVELOPMENT_ASSET_PATHS = "\"friend_diet Watch App/Preview Content\"";
				DEVELOPMENT_TEAM = FU2KA3SWP9;
				ENABLE_PREVIEWS = YES;
				GENERATE_INFOPLIST_FILE = YES;
				INFOPLIST_KEY_CFBundleDisplayName = friend_diet;
				INFOPLIST_KEY_UISupportedInterfaceOrientations = "UIInterfaceOrientationPortrait UIInterfaceOrientationPortraitUpsideDown";
				INFOPLIST_KEY_WKCompanionAppBundleIdentifier = "rashinoe.friend-diet";
				LD_RUNPATH_SEARCH_PATHS = (
					"$(inherited)",
					"@executable_path/Frameworks",
				);
				MARKETING_VERSION = 1.0;
				PRODUCT_BUNDLE_IDENTIFIER = "rashinoe.friend-diet.watchkitapp";
				PRODUCT_NAME = "$(TARGET_NAME)";
				SDKROOT = watchos;
				SKIP_INSTALL = YES;
				SWIFT_EMIT_LOC_STRINGS = YES;
				SWIFT_VERSION = 5.0;
				TARGETED_DEVICE_FAMILY = 4;
				WATCHOS_DEPLOYMENT_TARGET = 10.2;
			};
			name = Debug;
		};
		2CCC21B32BA4A80800E85A30 /* Release */ = {
			isa = XCBuildConfiguration;
			buildSettings = {
				ASSETCATALOG_COMPILER_APPICON_NAME = AppIcon;
				ASSETCATALOG_COMPILER_GLOBAL_ACCENT_COLOR_NAME = AccentColor;
				CODE_SIGN_STYLE = Automatic;
				CURRENT_PROJECT_VERSION = 1;
				DEVELOPMENT_ASSET_PATHS = "\"friend_diet Watch App/Preview Content\"";
				DEVELOPMENT_TEAM = FU2KA3SWP9;
				ENABLE_PREVIEWS = YES;
				GENERATE_INFOPLIST_FILE = YES;
				INFOPLIST_KEY_CFBundleDisplayName = friend_diet;
				INFOPLIST_KEY_UISupportedInterfaceOrientations = "UIInterfaceOrientationPortrait UIInterfaceOrientationPortraitUpsideDown";
				INFOPLIST_KEY_WKCompanionAppBundleIdentifier = "rashinoe.friend-diet";
				LD_RUNPATH_SEARCH_PATHS = (
					"$(inherited)",
					"@executable_path/Frameworks",
				);
				MARKETING_VERSION = 1.0;
				PRODUCT_BUNDLE_IDENTIFIER = "rashinoe.friend-diet.watchkitapp";
				PRODUCT_NAME = "$(TARGET_NAME)";
				SDKROOT = watchos;
				SKIP_INSTALL = YES;
				SWIFT_EMIT_LOC_STRINGS = YES;
				SWIFT_VERSION = 5.0;
				TARGETED_DEVICE_FAMILY = 4;
				VALIDATE_PRODUCT = YES;
				WATCHOS_DEPLOYMENT_TARGET = 10.2;
			};
			name = Release;
		};
		2CCC21B62BA4A80800E85A30 /* Debug */ = {
			isa = XCBuildConfiguration;
			buildSettings = {
				ALWAYS_EMBED_SWIFT_STANDARD_LIBRARIES = YES;
				ASSETCATALOG_COMPILER_APPICON_NAME = AppIcon;
				ASSETCATALOG_COMPILER_GLOBAL_ACCENT_COLOR_NAME = AccentColor;
				CODE_SIGN_ENTITLEMENTS = friend_diet/friend_diet.entitlements;
				CODE_SIGN_STYLE = Automatic;
				CURRENT_PROJECT_VERSION = 1;
				DEVELOPMENT_ASSET_PATHS = "\"friend_diet/Preview Content\"";
				DEVELOPMENT_TEAM = FU2KA3SWP9;
				ENABLE_PREVIEWS = YES;
				GENERATE_INFOPLIST_FILE = YES;
				INFOPLIST_FILE = "friend-diet-Info.plist";
				INFOPLIST_KEY_CFBundleDisplayName = friend_diet;
				INFOPLIST_KEY_UIApplicationSceneManifest_Generation = YES;
				INFOPLIST_KEY_UIApplicationSupportsIndirectInputEvents = YES;
				INFOPLIST_KEY_UILaunchScreen_Generation = YES;
				INFOPLIST_KEY_UISupportedInterfaceOrientations_iPad = "UIInterfaceOrientationPortrait UIInterfaceOrientationPortraitUpsideDown UIInterfaceOrientationLandscapeLeft UIInterfaceOrientationLandscapeRight";
				INFOPLIST_KEY_UISupportedInterfaceOrientations_iPhone = "UIInterfaceOrientationPortrait UIInterfaceOrientationLandscapeLeft UIInterfaceOrientationLandscapeRight";
				IPHONEOS_DEPLOYMENT_TARGET = 17.2;
				LD_RUNPATH_SEARCH_PATHS = (
					"$(inherited)",
					"@executable_path/Frameworks",
				);
				MARKETING_VERSION = 1.0;
				PRODUCT_BUNDLE_IDENTIFIER = "rashinoe.friend-diet";
				PRODUCT_NAME = "$(TARGET_NAME)";
				SDKROOT = iphoneos;
				SWIFT_EMIT_LOC_STRINGS = YES;
				SWIFT_VERSION = 5.0;
				TARGETED_DEVICE_FAMILY = "1,2";
			};
			name = Debug;
		};
		2CCC21B72BA4A80800E85A30 /* Release */ = {
			isa = XCBuildConfiguration;
			buildSettings = {
				ALWAYS_EMBED_SWIFT_STANDARD_LIBRARIES = YES;
				ASSETCATALOG_COMPILER_APPICON_NAME = AppIcon;
				ASSETCATALOG_COMPILER_GLOBAL_ACCENT_COLOR_NAME = AccentColor;
				CODE_SIGN_ENTITLEMENTS = friend_diet/friend_diet.entitlements;
				CODE_SIGN_STYLE = Automatic;
				CURRENT_PROJECT_VERSION = 1;
				DEVELOPMENT_ASSET_PATHS = "\"friend_diet/Preview Content\"";
				DEVELOPMENT_TEAM = FU2KA3SWP9;
				ENABLE_PREVIEWS = YES;
				GENERATE_INFOPLIST_FILE = YES;
				INFOPLIST_FILE = "friend-diet-Info.plist";
				INFOPLIST_KEY_CFBundleDisplayName = friend_diet;
				INFOPLIST_KEY_UIApplicationSceneManifest_Generation = YES;
				INFOPLIST_KEY_UIApplicationSupportsIndirectInputEvents = YES;
				INFOPLIST_KEY_UILaunchScreen_Generation = YES;
				INFOPLIST_KEY_UISupportedInterfaceOrientations_iPad = "UIInterfaceOrientationPortrait UIInterfaceOrientationPortraitUpsideDown UIInterfaceOrientationLandscapeLeft UIInterfaceOrientationLandscapeRight";
				INFOPLIST_KEY_UISupportedInterfaceOrientations_iPhone = "UIInterfaceOrientationPortrait UIInterfaceOrientationLandscapeLeft UIInterfaceOrientationLandscapeRight";
				IPHONEOS_DEPLOYMENT_TARGET = 17.2;
				LD_RUNPATH_SEARCH_PATHS = (
					"$(inherited)",
					"@executable_path/Frameworks",
				);
				MARKETING_VERSION = 1.0;
				PRODUCT_BUNDLE_IDENTIFIER = "rashinoe.friend-diet";
				PRODUCT_NAME = "$(TARGET_NAME)";
				SDKROOT = iphoneos;
				SWIFT_EMIT_LOC_STRINGS = YES;
				SWIFT_VERSION = 5.0;
				TARGETED_DEVICE_FAMILY = "1,2";
				VALIDATE_PRODUCT = YES;
			};
			name = Release;
		};
/* End XCBuildConfiguration section */

/* Begin XCConfigurationList section */
		2CCC218C2BA4A80400E85A30 /* Build configuration list for PBXProject "friend_diet" */ = {
			isa = XCConfigurationList;
			buildConfigurations = (
				2CCC21AF2BA4A80800E85A30 /* Debug */,
				2CCC21B02BA4A80800E85A30 /* Release */,
			);
			defaultConfigurationIsVisible = 0;
			defaultConfigurationName = Release;
		};
		2CCC21B12BA4A80800E85A30 /* Build configuration list for PBXNativeTarget "friend_diet Watch App" */ = {
			isa = XCConfigurationList;
			buildConfigurations = (
				2CCC21B22BA4A80800E85A30 /* Debug */,
				2CCC21B32BA4A80800E85A30 /* Release */,
			);
			defaultConfigurationIsVisible = 0;
			defaultConfigurationName = Release;
		};
		2CCC21B52BA4A80800E85A30 /* Build configuration list for PBXNativeTarget "friend_diet" */ = {
			isa = XCConfigurationList;
			buildConfigurations = (
				2CCC21B62BA4A80800E85A30 /* Debug */,
				2CCC21B72BA4A80800E85A30 /* Release */,
			);
			defaultConfigurationIsVisible = 0;
			defaultConfigurationName = Release;
		};
/* End XCConfigurationList section */
	};
	rootObject = 2CCC21892BA4A80400E85A30 /* Project object */;
}
